
Microsoft Visual Studio Solution File, Format Version 12.00
# Visual Studio 15
Project("{FAE04EC0-301F-11D3-BF4B-00C04F79EFBC}") = "UnityEngine.UI", "UnityEngine.UI.csproj", "{91608273-144A-6C05-0341-8ED693FE74D9}"
EndProject
Project("{FAE04EC0-301F-11D3-BF4B-00C04F79EFBC}") = "Unity.RenderPipelines.Core.Runtime", "Unity.RenderPipelines.Core.Runtime.csproj", "{71DD778F-37DD-5B03-D0AC-05F3715B7B2F}"
EndProject
Project("{FAE04EC0-301F-11D3-BF4B-00C04F79EFBC}") = "UnityEngine.TestRunner", "UnityEngine.TestRunner.csproj", "{C6C5A06B-4B11-7378-E3A3-76CC0DF6D2BB}"
EndProject
Project("{FAE04EC0-301F-11D3-BF4B-00C04F79EFBC}") = "Unity.Mathematics", "Unity.Mathematics.csproj", "{E57A0047-5E7C-0D3E-8272-EB4E9473AAC9}"
EndProject
Project("{FAE04EC0-301F-11D3-BF4B-00C04F79EFBC}") = "Assembly-CSharp", "Assembly-CSharp.csproj", "{79533248-AA35-9C93-A69B-F7585F2239A1}"
EndProject
Project("{FAE04EC0-301F-11D3-BF4B-00C04F79EFBC}") = "Unity.RenderPipelines.Universal.Runtime", "Unity.RenderPipelines.Universal.Runtime.csproj", "{DC14009D-8099-DB4D-B3EF-D0B982E57FAE}"
EndProject
Project("{FAE04EC0-301F-11D3-BF4B-00C04F79EFBC}") = "Unity.Postprocessing.Runtime", "Unity.Postprocessing.Runtime.csproj", "{2FF7D80E-A355-143D-B823-4EC68E3D6367}"
EndProject
Project("{FAE04EC0-301F-11D3-BF4B-00C04F79EFBC}") = "Unity.TextMeshPro", "Unity.TextMeshPro.csproj", "{56183AFB-232F-23C1-B5B5-AD7D88814601}"
EndProject
Project("{FAE04EC0-301F-11D3-BF4B-00C04F79EFBC}") = "Cinemachine", "Cinemachine.csproj", "{5EC03709-4FC2-F5E6-34B7-243FCA13D2CD}"
EndProject
Project("{FAE04EC0-301F-11D3-BF4B-00C04F79EFBC}") = "Unity.Timeline", "Unity.Timeline.csproj", "{E3BA006A-0A47-4EA1-8B41-26E87ED8683D}"
EndProject
Project("{FAE04EC0-301F-11D3-BF4B-00C04F79EFBC}") = "Unity.RenderPipelines.Core.ShaderLibrary", "Unity.RenderPipelines.Core.ShaderLibrary.csproj", "{0883995B-5B25-F339-8BF9-74920E7749CC}"
EndProject
Project("{FAE04EC0-301F-11D3-BF4B-00C04F79EFBC}") = "Unity.RenderPipeline.Universal.ShaderLibrary", "Unity.RenderPipeline.Universal.ShaderLibrary.csproj", "{5FBAA8CC-36A2-2E09-2AB8-739047002A6D}"
EndProject
Project("{FAE04EC0-301F-11D3-BF4B-00C04F79EFBC}") = "Unity.RenderPipelines.Universal.Shaders", "Unity.RenderPipelines.Universal.Shaders.csproj", "{12BC9FBE-C265-4307-E93C-A7111BAAFA04}"
EndProject
Project("{FAE04EC0-301F-11D3-BF4B-00C04F79EFBC}") = "Unity.RenderPipelines.ShaderGraph.ShaderGraphLibrary", "Unity.RenderPipelines.ShaderGraph.ShaderGraphLibrary.csproj", "{3E0215C1-24EA-2F68-26E6-419034DD949B}"
EndProject
Project("{FAE04EC0-301F-11D3-BF4B-00C04F79EFBC}") = "Unity.PlasticSCM.Editor", "Unity.PlasticSCM.Editor.csproj", "{3D99AF97-7768-90A3-C28F-CC55ECD8E9FA}"
EndProject
Project("{FAE04EC0-301F-11D3-BF4B-00C04F79EFBC}") = "Unity.ShaderGraph.Editor", "Unity.ShaderGraph.Editor.csproj", "{2531F2ED-3B3D-0208-1355-FBA3E94F43BE}"
EndProject
Project("{FAE04EC0-301F-11D3-BF4B-00C04F79EFBC}") = "Unity.Timeline.Editor", "Unity.Timeline.Editor.csproj", "{59098D39-A669-B2AD-48EB-FBA0F0FFE76A}"
EndProject
Project("{FAE04EC0-301F-11D3-BF4B-00C04F79EFBC}") = "com.unity.cinemachine.editor", "com.unity.cinemachine.editor.csproj", "{8456C97C-9969-6DB1-169C-4CDF83920429}"
EndProject
Project("{FAE04EC0-301F-11D3-BF4B-00C04F79EFBC}") = "Unity.TextMeshPro.Editor", "Unity.TextMeshPro.Editor.csproj", "{73812D2D-021B-B264-738C-255A4CBD7E67}"
EndProject
Project("{FAE04EC0-301F-11D3-BF4B-00C04F79EFBC}") = "Unity.CollabProxy.Editor", "Unity.CollabProxy.Editor.csproj", "{8269C5DA-2669-3DEA-623D-7508A170E985}"
EndProject
Project("{FAE04EC0-301F-11D3-BF4B-00C04F79EFBC}") = "Unity.Postprocessing.Editor", "Unity.Postprocessing.Editor.csproj", "{8A84F36F-D121-C6D0-0AB8-A8A66C0CBF85}"
EndProject
Project("{FAE04EC0-301F-11D3-BF4B-00C04F79EFBC}") = "UnityEditor.TestRunner", "UnityEditor.TestRunner.csproj", "{31746352-A2FB-4678-DF26-A3474A023531}"
EndProject
Project("{FAE04EC0-301F-11D3-BF4B-00C04F79EFBC}") = "Unity.Rider.Editor", "Unity.Rider.Editor.csproj", "{3AF3B7D4-E90A-1B71-F9D8-362192676CDD}"
EndProject
Project("{FAE04EC0-301F-11D3-BF4B-00C04F79EFBC}") = "Unity.RenderPipelines.Universal.Editor", "Unity.RenderPipelines.Universal.Editor.csproj", "{6AFCC18F-2565-CD74-C70A-DB78F0AD545F}"
EndProject
Project("{FAE04EC0-301F-11D3-BF4B-00C04F79EFBC}") = "Unity.Services.Core.Editor", "Unity.Services.Core.Editor.csproj", "{21AFD8B3-65F4-1928-BB29-D86A89B03349}"
EndProject
Project("{FAE04EC0-301F-11D3-BF4B-00C04F79EFBC}") = "Unity.RenderPipelines.Core.Editor", "Unity.RenderPipelines.Core.Editor.csproj", "{FC5112D9-3D2B-2D69-A367-26E722CDEE0C}"
EndProject
Project("{FAE04EC0-301F-11D3-BF4B-00C04F79EFBC}") = "Unity.Searcher.Editor", "Unity.Searcher.Editor.csproj", "{E24ECF3F-BB6E-87D0-296D-5E8915069D76}"
EndProject
Project("{FAE04EC0-301F-11D3-BF4B-00C04F79EFBC}") = "Unity.VSCode.Editor", "Unity.VSCode.Editor.csproj", "{BBDCDD37-66F6-9019-05D8-89DCFA29D696}"
EndProject
Project("{FAE04EC0-301F-11D3-BF4B-00C04F79EFBC}") = "UnityEditor.UI", "UnityEditor.UI.csproj", "{2D43ED9D-8C41-99AB-F1A5-A915BD993A37}"
EndProject
Project("{FAE04EC0-301F-11D3-BF4B-00C04F79EFBC}") = "Unity.Mathematics.Editor", "Unity.Mathematics.Editor.csproj", "{7D7F2657-2630-A8BC-7A5B-9FA24A38805C}"
EndProject
Project("{FAE04EC0-301F-11D3-BF4B-00C04F79EFBC}") = "Unity.ShaderGraph.Utilities", "Unity.ShaderGraph.Utilities.csproj", "{1541047B-E876-2297-CE49-BFC7C56FECEB}"
EndProject
Global
	GlobalSection(SolutionConfigurationPlatforms) = preSolution
		Debug|Any CPU = Debug|Any CPU
		Release|Any CPU = Release|Any CPU
	EndGlobalSection
	GlobalSection(ProjectConfigurationPlatforms) = postSolution
		{91608273-144A-6C05-0341-8ED693FE74D9}.Debug|Any CPU.ActiveCfg = Debug|Any CPU
		{91608273-144A-6C05-0341-8ED693FE74D9}.Debug|Any CPU.Build.0 = Debug|Any CPU
		{91608273-144A-6C05-0341-8ED693FE74D9}.Release|Any CPU.ActiveCfg = Release|Any CPU
		{91608273-144A-6C05-0341-8ED693FE74D9}.Release|Any CPU.Build.0 = Release|Any CPU
		{71DD778F-37DD-5B03-D0AC-05F3715B7B2F}.Debug|Any CPU.ActiveCfg = Debug|Any CPU
		{71DD778F-37DD-5B03-D0AC-05F3715B7B2F}.Debug|Any CPU.Build.0 = Debug|Any CPU
		{71DD778F-37DD-5B03-D0AC-05F3715B7B2F}.Release|Any CPU.ActiveCfg = Release|Any CPU
		{71DD778F-37DD-5B03-D0AC-05F3715B7B2F}.Release|Any CPU.Build.0 = Release|Any CPU
		{C6C5A06B-4B11-7378-E3A3-76CC0DF6D2BB}.Debug|Any CPU.ActiveCfg = Debug|Any CPU
		{C6C5A06B-4B11-7378-E3A3-76CC0DF6D2BB}.Debug|Any CPU.Build.0 = Debug|Any CPU
		{C6C5A06B-4B11-7378-E3A3-76CC0DF6D2BB}.Release|Any CPU.ActiveCfg = Release|Any CPU
		{C6C5A06B-4B11-7378-E3A3-76CC0DF6D2BB}.Release|Any CPU.Build.0 = Release|Any CPU
		{E57A0047-5E7C-0D3E-8272-EB4E9473AAC9}.Debug|Any CPU.ActiveCfg = Debug|Any CPU
		{E57A0047-5E7C-0D3E-8272-EB4E9473AAC9}.Debug|Any CPU.Build.0 = Debug|Any CPU
		{E57A0047-5E7C-0D3E-8272-EB4E9473AAC9}.Release|Any CPU.ActiveCfg = Release|Any CPU
		{E57A0047-5E7C-0D3E-8272-EB4E9473AAC9}.Release|Any CPU.Build.0 = Release|Any CPU
		{79533248-AA35-9C93-A69B-F7585F2239A1}.Debug|Any CPU.ActiveCfg = Debug|Any CPU
		{79533248-AA35-9C93-A69B-F7585F2239A1}.Debug|Any CPU.Build.0 = Debug|Any CPU
		{79533248-AA35-9C93-A69B-F7585F2239A1}.Release|Any CPU.ActiveCfg = Release|Any CPU
		{79533248-AA35-9C93-A69B-F7585F2239A1}.Release|Any CPU.Build.0 = Release|Any CPU
		{DC14009D-8099-DB4D-B3EF-D0B982E57FAE}.Debug|Any CPU.ActiveCfg = Debug|Any CPU
		{DC14009D-8099-DB4D-B3EF-D0B982E57FAE}.Debug|Any CPU.Build.0 = Debug|Any CPU
		{DC14009D-8099-DB4D-B3EF-D0B982E57FAE}.Release|Any CPU.ActiveCfg = Release|Any CPU
		{DC14009D-8099-DB4D-B3EF-D0B982E57FAE}.Release|Any CPU.Build.0 = Release|Any CPU
		{2FF7D80E-A355-143D-B823-4EC68E3D6367}.Debug|Any CPU.ActiveCfg = Debug|Any CPU
		{2FF7D80E-A355-143D-B823-4EC68E3D6367}.Debug|Any CPU.Build.0 = Debug|Any CPU
		{2FF7D80E-A355-143D-B823-4EC68E3D6367}.Release|Any CPU.ActiveCfg = Release|Any CPU
		{2FF7D80E-A355-143D-B823-4EC68E3D6367}.Release|Any CPU.Build.0 = Release|Any CPU
		{56183AFB-232F-23C1-B5B5-AD7D88814601}.Debug|Any CPU.ActiveCfg = Debug|Any CPU
		{56183AFB-232F-23C1-B5B5-AD7D88814601}.Debug|Any CPU.Build.0 = Debug|Any CPU
		{56183AFB-232F-23C1-B5B5-AD7D88814601}.Release|Any CPU.ActiveCfg = Release|Any CPU
		{56183AFB-232F-23C1-B5B5-AD7D88814601}.Release|Any CPU.Build.0 = Release|Any CPU
		{5EC03709-4FC2-F5E6-34B7-243FCA13D2CD}.Debug|Any CPU.ActiveCfg = Debug|Any CPU
		{5EC03709-4FC2-F5E6-34B7-243FCA13D2CD}.Debug|Any CPU.Build.0 = Debug|Any CPU
		{5EC03709-4FC2-F5E6-34B7-243FCA13D2CD}.Release|Any CPU.ActiveCfg = Release|Any CPU
		{5EC03709-4FC2-F5E6-34B7-243FCA13D2CD}.Release|Any CPU.Build.0 = Release|Any CPU
		{E3BA006A-0A47-4EA1-8B41-26E87ED8683D}.Debug|Any CPU.ActiveCfg = Debug|Any CPU
		{E3BA006A-0A47-4EA1-8B41-26E87ED8683D}.Debug|Any CPU.Build.0 = Debug|Any CPU
		{E3BA006A-0A47-4EA1-8B41-26E87ED8683D}.Release|Any CPU.ActiveCfg = Release|Any CPU
		{E3BA006A-0A47-4EA1-8B41-26E87ED8683D}.Release|Any CPU.Build.0 = Release|Any CPU
		{0883995B-5B25-F339-8BF9-74920E7749CC}.Debug|Any CPU.ActiveCfg = Debug|Any CPU
		{0883995B-5B25-F339-8BF9-74920E7749CC}.Debug|Any CPU.Build.0 = Debug|Any CPU
		{0883995B-5B25-F339-8BF9-74920E7749CC}.Release|Any CPU.ActiveCfg = Release|Any CPU
		{0883995B-5B25-F339-8BF9-74920E7749CC}.Release|Any CPU.Build.0 = Release|Any CPU
		{5FBAA8CC-36A2-2E09-2AB8-739047002A6D}.Debug|Any CPU.ActiveCfg = Debug|Any CPU
		{5FBAA8CC-36A2-2E09-2AB8-739047002A6D}.Debug|Any CPU.Build.0 = Debug|Any CPU
		{5FBAA8CC-36A2-2E09-2AB8-739047002A6D}.Release|Any CPU.ActiveCfg = Release|Any CPU
		{5FBAA8CC-36A2-2E09-2AB8-739047002A6D}.Release|Any CPU.Build.0 = Release|Any CPU
		{12BC9FBE-C265-4307-E93C-A7111BAAFA04}.Debug|Any CPU.ActiveCfg = Debug|Any CPU
		{12BC9FBE-C265-4307-E93C-A7111BAAFA04}.Debug|Any CPU.Build.0 = Debug|Any CPU
		{12BC9FBE-C265-4307-E93C-A7111BAAFA04}.Release|Any CPU.ActiveCfg = Release|Any CPU
		{12BC9FBE-C265-4307-E93C-A7111BAAFA04}.Release|Any CPU.Build.0 = Release|Any CPU
		{3E0215C1-24EA-2F68-26E6-419034DD949B}.Debug|Any CPU.ActiveCfg = Debug|Any CPU
		{3E0215C1-24EA-2F68-26E6-419034DD949B}.Debug|Any CPU.Build.0 = Debug|Any CPU
		{3E0215C1-24EA-2F68-26E6-419034DD949B}.Release|Any CPU.ActiveCfg = Release|Any CPU
		{3E0215C1-24EA-2F68-26E6-419034DD949B}.Release|Any CPU.Build.0 = Release|Any CPU
		{3D99AF97-7768-90A3-C28F-CC55ECD8E9FA}.Debug|Any CPU.ActiveCfg = Debug|Any CPU
		{3D99AF97-7768-90A3-C28F-CC55ECD8E9FA}.Debug|Any CPU.Build.0 = Debug|Any CPU
		{3D99AF97-7768-90A3-C28F-CC55ECD8E9FA}.Release|Any CPU.ActiveCfg = Release|Any CPU
		{3D99AF97-7768-90A3-C28F-CC55ECD8E9FA}.Release|Any CPU.Build.0 = Release|Any CPU
		{2531F2ED-3B3D-0208-1355-FBA3E94F43BE}.Debug|Any CPU.ActiveCfg = Debug|Any CPU
		{2531F2ED-3B3D-0208-1355-FBA3E94F43BE}.Debug|Any CPU.Build.0 = Debug|Any CPU
		{2531F2ED-3B3D-0208-1355-FBA3E94F43BE}.Release|Any CPU.ActiveCfg = Release|Any CPU
		{2531F2ED-3B3D-0208-1355-FBA3E94F43BE}.Release|Any CPU.Build.0 = Release|Any CPU
		{59098D39-A669-B2AD-48EB-FBA0F0FFE76A}.Debug|Any CPU.ActiveCfg = Debug|Any CPU
		{59098D39-A669-B2AD-48EB-FBA0F0FFE76A}.Debug|Any CPU.Build.0 = Debug|Any CPU
		{59098D39-A669-B2AD-48EB-FBA0F0FFE76A}.Release|Any CPU.ActiveCfg = Release|Any CPU
		{59098D39-A669-B2AD-48EB-FBA0F0FFE76A}.Release|Any CPU.Build.0 = Release|Any CPU
		{8456C97C-9969-6DB1-169C-4CDF83920429}.Debug|Any CPU.ActiveCfg = Debug|Any CPU
		{8456C97C-9969-6DB1-169C-4CDF83920429}.Debug|Any CPU.Build.0 = Debug|Any CPU
		{8456C97C-9969-6DB1-169C-4CDF83920429}.Release|Any CPU.ActiveCfg = Release|Any CPU
		{8456C97C-9969-6DB1-169C-4CDF83920429}.Release|Any CPU.Build.0 = Release|Any CPU
		{73812D2D-021B-B264-738C-255A4CBD7E67}.Debug|Any CPU.ActiveCfg = Debug|Any CPU
		{73812D2D-021B-B264-738C-255A4CBD7E67}.Debug|Any CPU.Build.0 = Debug|Any CPU
		{73812D2D-021B-B264-738C-255A4CBD7E67}.Release|Any CPU.ActiveCfg = Release|Any CPU
		{73812D2D-021B-B264-738C-255A4CBD7E67}.Release|Any CPU.Build.0 = Release|Any CPU
		{8269C5DA-2669-3DEA-623D-7508A170E985}.Debug|Any CPU.ActiveCfg = Debug|Any CPU
		{8269C5DA-2669-3DEA-623D-7508A170E985}.Debug|Any CPU.Build.0 = Debug|Any CPU
		{8269C5DA-2669-3DEA-623D-7508A170E985}.Release|Any CPU.ActiveCfg = Release|Any CPU
		{8269C5DA-2669-3DEA-623D-7508A170E985}.Release|Any CPU.Build.0 = Release|Any CPU
		{8A84F36F-D121-C6D0-0AB8-A8A66C0CBF85}.Debug|Any CPU.ActiveCfg = Debug|Any CPU
		{8A84F36F-D121-C6D0-0AB8-A8A66C0CBF85}.Debug|Any CPU.Build.0 = Debug|Any CPU
		{8A84F36F-D121-C6D0-0AB8-A8A66C0CBF85}.Release|Any CPU.ActiveCfg = Release|Any CPU
		{8A84F36F-D121-C6D0-0AB8-A8A66C0CBF85}.Release|Any CPU.Build.0 = Release|Any CPU
		{31746352-A2FB-4678-DF26-A3474A023531}.Debug|Any CPU.ActiveCfg = Debug|Any CPU
		{31746352-A2FB-4678-DF26-A3474A023531}.Debug|Any CPU.Build.0 = Debug|Any CPU
		{31746352-A2FB-4678-DF26-A3474A023531}.Release|Any CPU.ActiveCfg = Release|Any CPU
		{31746352-A2FB-4678-DF26-A3474A023531}.Release|Any CPU.Build.0 = Release|Any CPU
		{3AF3B7D4-E90A-1B71-F9D8-362192676CDD}.Debug|Any CPU.ActiveCfg = Debug|Any CPU
		{3AF3B7D4-E90A-1B71-F9D8-362192676CDD}.Debug|Any CPU.Build.0 = Debug|Any CPU
		{3AF3B7D4-E90A-1B71-F9D8-362192676CDD}.Release|Any CPU.ActiveCfg = Release|Any CPU
		{3AF3B7D4-E90A-1B71-F9D8-362192676CDD}.Release|Any CPU.Build.0 = Release|Any CPU
		{6AFCC18F-2565-CD74-C70A-DB78F0AD545F}.Debug|Any CPU.ActiveCfg = Debug|Any CPU
		{6AFCC18F-2565-CD74-C70A-DB78F0AD545F}.Debug|Any CPU.Build.0 = Debug|Any CPU
		{6AFCC18F-2565-CD74-C70A-DB78F0AD545F}.Release|Any CPU.ActiveCfg = Release|Any CPU
		{6AFCC18F-2565-CD74-C70A-DB78F0AD545F}.Release|Any CPU.Build.0 = Release|Any CPU
		{21AFD8B3-65F4-1928-BB29-D86A89B03349}.Debug|Any CPU.ActiveCfg = Debug|Any CPU
		{21AFD8B3-65F4-1928-BB29-D86A89B03349}.Debug|Any CPU.Build.0 = Debug|Any CPU
		{21AFD8B3-65F4-1928-BB29-D86A89B03349}.Release|Any CPU.ActiveCfg = Release|Any CPU
		{21AFD8B3-65F4-1928-BB29-D86A89B03349}.Release|Any CPU.Build.0 = Release|Any CPU
		{FC5112D9-3D2B-2D69-A367-26E722CDEE0C}.Debug|Any CPU.ActiveCfg = Debug|Any CPU
		{FC5112D9-3D2B-2D69-A367-26E722CDEE0C}.Debug|Any CPU.Build.0 = Debug|Any CPU
		{FC5112D9-3D2B-2D69-A367-26E722CDEE0C}.Release|Any CPU.ActiveCfg = Release|Any CPU
		{FC5112D9-3D2B-2D69-A367-26E722CDEE0C}.Release|Any CPU.Build.0 = Release|Any CPU
		{E24ECF3F-BB6E-87D0-296D-5E8915069D76}.Debug|Any CPU.ActiveCfg = Debug|Any CPU
		{E24ECF3F-BB6E-87D0-296D-5E8915069D76}.Debug|Any CPU.Build.0 = Debug|Any CPU
		{E24ECF3F-BB6E-87D0-296D-5E8915069D76}.Release|Any CPU.ActiveCfg = Release|Any CPU
		{E24ECF3F-BB6E-87D0-296D-5E8915069D76}.Release|Any CPU.Build.0 = Release|Any CPU
		{BBDCDD37-66F6-9019-05D8-89DCFA29D696}.Debug|Any CPU.ActiveCfg = Debug|Any CPU
		{BBDCDD37-66F6-9019-05D8-89DCFA29D696}.Debug|Any CPU.Build.0 = Debug|Any CPU
		{BBDCDD37-66F6-9019-05D8-89DCFA29D696}.Release|Any CPU.ActiveCfg = Release|Any CPU
		{BBDCDD37-66F6-9019-05D8-89DCFA29D696}.Release|Any CPU.Build.0 = Release|Any CPU
		{2D43ED9D-8C41-99AB-F1A5-A915BD993A37}.Debug|Any CPU.ActiveCfg = Debug|Any CPU
		{2D43ED9D-8C41-99AB-F1A5-A915BD993A37}.Debug|Any CPU.Build.0 = Debug|Any CPU
		{2D43ED9D-8C41-99AB-F1A5-A915BD993A37}.Release|Any CPU.ActiveCfg = Release|Any CPU
		{2D43ED9D-8C41-99AB-F1A5-A915BD993A37}.Release|Any CPU.Build.0 = Release|Any CPU
		{7D7F2657-2630-A8BC-7A5B-9FA24A38805C}.Debug|Any CPU.ActiveCfg = Debug|Any CPU
		{7D7F2657-2630-A8BC-7A5B-9FA24A38805C}.Debug|Any CPU.Build.0 = Debug|Any CPU
		{7D7F2657-2630-A8BC-7A5B-9FA24A38805C}.Release|Any CPU.ActiveCfg = Release|Any CPU
		{7D7F2657-2630-A8BC-7A5B-9FA24A38805C}.Release|Any CPU.Build.0 = Release|Any CPU
		{1541047B-E876-2297-CE49-BFC7C56FECEB}.Debug|Any CPU.ActiveCfg = Debug|Any CPU
		{1541047B-E876-2297-CE49-BFC7C56FECEB}.Debug|Any CPU.Build.0 = Debug|Any CPU
		{1541047B-E876-2297-CE49-BFC7C56FECEB}.Release|Any CPU.ActiveCfg = Release|Any CPU
		{1541047B-E876-2297-CE49-BFC7C56FECEB}.Release|Any CPU.Build.0 = Release|Any CPU
	EndGlobalSection
	GlobalSection(SolutionProperties) = preSolution
		HideSolutionNode = FALSE
	EndGlobalSection
EndGlobal
